// !$*UTF8*$!
{
	archiveVersion = 1;
	classes = {
	};
	objectVersion = 50;
	objects = {

/* Begin PBXBuildFile section */
		C46EFFBF26CD701300FED396 /* AppDelegate.swift in Sources */ = {isa = PBXBuildFile; fileRef = C46EFFBE26CD701300FED396 /* AppDelegate.swift */; };
		C46EFFC126CD701300FED396 /* SceneDelegate.swift in Sources */ = {isa = PBXBuildFile; fileRef = C46EFFC026CD701300FED396 /* SceneDelegate.swift */; };
		C46EFFC326CD701300FED396 /* ContentView.swift in Sources */ = {isa = PBXBuildFile; fileRef = C46EFFC226CD701300FED396 /* ContentView.swift */; };
		C46EFFC526CD701700FED396 /* Assets.xcassets in Resources */ = {isa = PBXBuildFile; fileRef = C46EFFC426CD701700FED396 /* Assets.xcassets */; };
		C46EFFC826CD701700FED396 /* Preview Assets.xcassets in Resources */ = {isa = PBXBuildFile; fileRef = C46EFFC726CD701700FED396 /* Preview Assets.xcassets */; };
		C46EFFCB26CD701700FED396 /* LaunchScreen.storyboard in Resources */ = {isa = PBXBuildFile; fileRef = C46EFFC926CD701700FED396 /* LaunchScreen.storyboard */; };
		C46EFFED26CD7BE000FED396 /* Pacifico-Regular.ttf in Resources */ = {isa = PBXBuildFile; fileRef = C46EFFEC26CD7BE000FED396 /* Pacifico-Regular.ttf */; };
		C46EFFF026CD920E00FED396 /* InfoView.swift in Sources */ = {isa = PBXBuildFile; fileRef = C46EFFEF26CD920E00FED396 /* InfoView.swift */; };
/* End PBXBuildFile section */

/* Begin PBXFileReference section */
		C46EFFBB26CD701300FED396 /* EddyCode.app */ = {isa = PBXFileReference; explicitFileType = wrapper.application; includeInIndex = 0; path = EddyCode.app; sourceTree = BUILT_PRODUCTS_DIR; };
		C46EFFBE26CD701300FED396 /* AppDelegate.swift */ = {isa = PBXFileReference; lastKnownFileType = sourcecode.swift; path = AppDelegate.swift; sourceTree = "<group>"; };
		C46EFFC026CD701300FED396 /* SceneDelegate.swift */ = {isa = PBXFileReference; lastKnownFileType = sourcecode.swift; path = SceneDelegate.swift; sourceTree = "<group>"; };
		C46EFFC226CD701300FED396 /* ContentView.swift */ = {isa = PBXFileReference; lastKnownFileType = sourcecode.swift; path = ContentView.swift; sourceTree = "<group>"; };
		C46EFFC426CD701700FED396 /* Assets.xcassets */ = {isa = PBXFileReference; lastKnownFileType = folder.assetcatalog; path = Assets.xcassets; sourceTree = "<group>"; };
		C46EFFC726CD701700FED396 /* Preview Assets.xcassets */ = {isa = PBXFileReference; lastKnownFileType = folder.assetcatalog; path = "Preview Assets.xcassets"; sourceTree = "<group>"; };
		C46EFFCA26CD701700FED396 /* Base */ = {isa = PBXFileReference; lastKnownFileType = file.storyboard; name = Base; path = Base.lproj/LaunchScreen.storyboard; sourceTree = "<group>"; };
		C46EFFCC26CD701700FED396 /* Info.plist */ = {isa = PBXFileReference; lastKnownFileType = text.plist.xml; path = Info.plist; sourceTree = "<group>"; };
		C46EFFEC26CD7BE000FED396 /* Pacifico-Regular.ttf */ = {isa = PBXFileReference; lastKnownFileType = file; path = "Pacifico-Regular.ttf"; sourceTree = "<group>"; };
		C46EFFEF26CD920E00FED396 /* InfoView.swift */ = {isa = PBXFileReference; lastKnownFileType = sourcecode.swift; path = InfoView.swift; sourceTree = "<group>"; };
/* End PBXFileReference section */

/* Begin PBXFrameworksBuildPhase section */
		C46EFFB826CD701300FED396 /* Frameworks */ = {
			isa = PBXFrameworksBuildPhase;
			buildActionMask = 2147483647;
			files = (
			);
			runOnlyForDeploymentPostprocessing = 0;
		};
/* End PBXFrameworksBuildPhase section */

/* Begin PBXGroup section */
		C46EFFB226CD701300FED396 = {
			isa = PBXGroup;
			children = (
				C46EFFBD26CD701300FED396 /* EddyCode */,
				C46EFFBC26CD701300FED396 /* Products */,
			);
			sourceTree = "<group>";
		};
		C46EFFBC26CD701300FED396 /* Products */ = {
			isa = PBXGroup;
			children = (
				C46EFFBB26CD701300FED396 /* EddyCode.app */,
			);
			name = Products;
			sourceTree = "<group>";
		};
		C46EFFBD26CD701300FED396 /* EddyCode */ = {
			isa = PBXGroup;
			children = (
				C46EFFEC26CD7BE000FED396 /* Pacifico-Regular.ttf */,
				C46EFFBE26CD701300FED396 /* AppDelegate.swift */,
				C46EFFC026CD701300FED396 /* SceneDelegate.swift */,
				C46EFFC226CD701300FED396 /* ContentView.swift */,
				C46EFFEF26CD920E00FED396 /* InfoView.swift */,
				C46EFFC426CD701700FED396 /* Assets.xcassets */,
				C46EFFC926CD701700FED396 /* LaunchScreen.storyboard */,
				C46EFFCC26CD701700FED396 /* Info.plist */,
				C46EFFC626CD701700FED396 /* Preview Content */,
			);
			path = EddyCode;
			sourceTree = "<group>";
		};
		C46EFFC626CD701700FED396 /* Preview Content */ = {
			isa = PBXGroup;
			children = (
				C46EFFC726CD701700FED396 /* Preview Assets.xcassets */,
			);
			path = "Preview Content";
			sourceTree = "<group>";
		};
/* End PBXGroup section */

/* Begin PBXNativeTarget section */
		C46EFFBA26CD701300FED396 /* EddyCode */ = {
			isa = PBXNativeTarget;
			buildConfigurationList = C46EFFCF26CD701700FED396 /* Build configuration list for PBXNativeTarget "EddyCode" */;
			buildPhases = (
				C46EFFB726CD701300FED396 /* Sources */,
				C46EFFB826CD701300FED396 /* Frameworks */,
				C46EFFB926CD701300FED396 /* Resources */,
			);
			buildRules = (
			);
			dependencies = (
			);
			name = EddyCode;
			productName = EddyCode;
			productReference = C46EFFBB26CD701300FED396 /* EddyCode.app */;
			productType = "com.apple.product-type.application";
		};
/* End PBXNativeTarget section */

/* Begin PBXProject section */
		C46EFFB326CD701300FED396 /* Project object */ = {
			isa = PBXProject;
			attributes = {
				LastSwiftUpdateCheck = 1250;
				LastUpgradeCheck = 1250;
				TargetAttributes = {
					C46EFFBA26CD701300FED396 = {
						CreatedOnToolsVersion = 12.5.1;
					};
				};
			};
			buildConfigurationList = C46EFFB626CD701300FED396 /* Build configuration list for PBXProject "EddyCode" */;
			compatibilityVersion = "Xcode 9.3";
			developmentRegion = en;
			hasScannedForEncodings = 0;
			knownRegions = (
				en,
				Base,
			);
			mainGroup = C46EFFB226CD701300FED396;
			productRefGroup = C46EFFBC26CD701300FED396 /* Products */;
			projectDirPath = "";
			projectRoot = "";
			targets = (
				C46EFFBA26CD701300FED396 /* EddyCode */,
			);
		};
/* End PBXProject section */

/* Begin PBXResourcesBuildPhase section */
		C46EFFB926CD701300FED396 /* Resources */ = {
			isa = PBXResourcesBuildPhase;
			buildActionMask = 2147483647;
			files = (
				C46EFFCB26CD701700FED396 /* LaunchScreen.storyboard in Resources */,
				C46EFFED26CD7BE000FED396 /* Pacifico-Regular.ttf in Resources */,
				C46EFFC826CD701700FED396 /* Preview Assets.xcassets in Resources */,
				C46EFFC526CD701700FED396 /* Assets.xcassets in Resources */,
			);
			runOnlyForDeploymentPostprocessing = 0;
		};
/* End PBXResourcesBuildPhase section */

/* Begin PBXSourcesBuildPhase section */
		C46EFFB726CD701300FED396 /* Sources */ = {
			isa = PBXSourcesBuildPhase;
			buildActionMask = 2147483647;
			files = (
				C46EFFF026CD920E00FED396 /* InfoView.swift in Sources */,
				C46EFFBF26CD701300FED396 /* AppDelegate.swift in Sources */,
				C46EFFC126CD701300FED396 /* SceneDelegate.swift in Sources */,
				C46EFFC326CD701300FED396 /* ContentView.swift in Sources */,
			);
			runOnlyForDeploymentPostprocessing = 0;
		};
/* End PBXSourcesBuildPhase section */

/* Begin PBXVariantGroup section */
		C46EFFC926CD701700FED396 /* LaunchScreen.storyboard */ = {
			isa = PBXVariantGroup;
			children = (
				C46EFFCA26CD701700FED396 /* Base */,
			);
			name = LaunchScreen.storyboard;
			sourceTree = "<group>";
		};
/* End PBXVariantGroup section */

/* Begin XCBuildConfiguration section */
		C46EFFCD26CD701700FED396 /* Debug */ = {
			isa = XCBuildConfiguration;
			buildSettings = {
				ALWAYS_SEARCH_USER_PATHS = NO;
				CLANG_ANALYZER_NONNULL = YES;
				CLANG_ANALYZER_NUMBER_OBJECT_CONVERSION = YES_AGGRESSIVE;
				CLANG_CXX_LANGUAGE_STANDARD = "gnu++14";
				CLANG_CXX_LIBRARY = "libc++";
				CLANG_ENABLE_MODULES = YES;
				CLANG_ENABLE_OBJC_ARC = YES;
				CLANG_ENABLE_OBJC_WEAK = YES;
				CLANG_WARN_BLOCK_CAPTURE_AUTORELEASING = YES;
				CLANG_WARN_BOOL_CONVERSION = YES;
				CLANG_WARN_COMMA = YES;
				CLANG_WARN_CONSTANT_CONVERSION = YES;
				CLANG_WARN_DEPRECATED_OBJC_IMPLEMENTATIONS = YES;
				CLANG_WARN_DIRECT_OBJC_ISA_USAGE = YES_ERROR;
				CLANG_WARN_DOCUMENTATION_COMMENTS = YES;
				CLANG_WARN_EMPTY_BODY = YES;
				CLANG_WARN_ENUM_CONVERSION = YES;
				CLANG_WARN_INFINITE_RECURSION = YES;
				CLANG_WARN_INT_CONVERSION = YES;
				CLANG_WARN_NON_LITERAL_NULL_CONVERSION = YES;
				CLANG_WARN_OBJC_IMPLICIT_RETAIN_SELF = YES;
				CLANG_WARN_OBJC_LITERAL_CONVERSION = YES;
				CLANG_WARN_OBJC_ROOT_CLASS = YES_ERROR;
				CLANG_WARN_QUOTED_INCLUDE_IN_FRAMEWORK_HEADER = YES;
				CLANG_WARN_RANGE_LOOP_ANALYSIS = YES;
				CLANG_WARN_STRICT_PROTOTYPES = YES;
				CLANG_WARN_SUSPICIOUS_MOVE = YES;
				CLANG_WARN_UNGUARDED_AVAILABILITY = YES_AGGRESSIVE;
				CLANG_WARN_UNREACHABLE_CODE = YES;
				CLANG_WARN__DUPLICATE_METHOD_MATCH = YES;
				COPY_PHASE_STRIP = NO;
				DEBUG_INFORMATION_FORMAT = dwarf;
				ENABLE_STRICT_OBJC_MSGSEND = YES;
				ENABLE_TESTABILITY = YES;
				GCC_C_LANGUAGE_STANDARD = gnu11;
				GCC_DYNAMIC_NO_PIC = NO;
				GCC_NO_COMMON_BLOCKS = YES;
				GCC_OPTIMIZATION_LEVEL = 0;
				GCC_PREPROCESSOR_DEFINITIONS = (
					"DEBUG=1",
					"$(inherited)",
				);
				GCC_WARN_64_TO_32_BIT_CONVERSION = YES;
				GCC_WARN_ABOUT_RETURN_TYPE = YES_ERROR;
				GCC_WARN_UNDECLARED_SELECTOR = YES;
				GCC_WARN_UNINITIALIZED_AUTOS = YES_AGGRESSIVE;
				GCC_WARN_UNUSED_FUNCTION = YES;
				GCC_WARN_UNUSED_VARIABLE = YES;
				IPHONEOS_DEPLOYMENT_TARGET = 14.5;
				MTL_ENABLE_DEBUG_INFO = INCLUDE_SOURCE;
				MTL_FAST_MATH = YES;
				ONLY_ACTIVE_ARCH = YES;
				SDKROOT = iphoneos;
				SWIFT_ACTIVE_COMPILATION_CONDITIONS = DEBUG;
				SWIFT_OPTIMIZATION_LEVEL = "-Onone";
			};
			name = Debug;
		};
		C46EFFCE26CD701700FED396 /* Release */ = {
			isa = XCBuildConfiguration;
			buildSettings = {
				ALWAYS_SEARCH_USER_PATHS = NO;
				CLANG_ANALYZER_NONNULL = YES;
				CLANG_ANALYZER_NUMBER_OBJECT_CONVERSION = YES_AGGRESSIVE;
				CLANG_CXX_LANGUAGE_STANDARD = "gnu++14";
				CLANG_CXX_LIBRARY = "libc++";
				CLANG_ENABLE_MODULES = YES;
				CLANG_ENABLE_OBJC_ARC = YES;
				CLANG_ENABLE_OBJC_WEAK = YES;
				CLANG_WARN_BLOCK_CAPTURE_AUTORELEASING = YES;
				CLANG_WARN_BOOL_CONVERSION = YES;
				CLANG_WARN_COMMA = YES;
				CLANG_WARN_CONSTANT_CONVERSION = YES;
				CLANG_WARN_DEPRECATED_OBJC_IMPLEMENTATIONS = YES;
				CLANG_WARN_DIRECT_OBJC_ISA_USAGE = YES_ERROR;
				CLANG_WARN_DOCUMENTATION_COMMENTS = YES;
				CLANG_WARN_EMPTY_BODY = YES;
				CLANG_WARN_ENUM_CONVERSION = YES;
				CLANG_WARN_INFINITE_RECURSION = YES;
				CLANG_WARN_INT_CONVERSION = YES;
				CLANG_WARN_NON_LITERAL_NULL_CONVERSION = YES;
				CLANG_WARN_OBJC_IMPLICIT_RETAIN_SELF = YES;
				CLANG_WARN_OBJC_LITERAL_CONVERSION = YES;
				CLANG_WARN_OBJC_ROOT_CLASS = YES_ERROR;
				CLANG_WARN_QUOTED_INCLUDE_IN_FRAMEWORK_HEADER = YES;
				CLANG_WARN_RANGE_LOOP_ANALYSIS = YES;
				CLANG_WARN_STRICT_PROTOTYPES = YES;
				CLANG_WARN_SUSPICIOUS_MOVE = YES;
				CLANG_WARN_UNGUARDED_AVAILABILITY = YES_AGGRESSIVE;
				CLANG_WARN_UNREACHABLE_CODE = YES;
				CLANG_WARN__DUPLICATE_METHOD_MATCH = YES;
				COPY_PHASE_STRIP = NO;
				DEBUG_INFORMATION_FORMAT = "dwarf-with-dsym";
				ENABLE_NS_ASSERTIONS = NO;
				ENABLE_STRICT_OBJC_MSGSEND = YES;
				GCC_C_LANGUAGE_STANDARD = gnu11;
				GCC_NO_COMMON_BLOCKS = YES;
				GCC_WARN_64_TO_32_BIT_CONVERSION = YES;
				GCC_WARN_ABOUT_RETURN_TYPE = YES_ERROR;
				GCC_WARN_UNDECLARED_SELECTOR = YES;
				GCC_WARN_UNINITIALIZED_AUTOS = YES_AGGRESSIVE;
				GCC_WARN_UNUSED_FUNCTION = YES;
				GCC_WARN_UNUSED_VARIABLE = YES;
				IPHONEOS_DEPLOYMENT_TARGET = 14.5;
				MTL_ENABLE_DEBUG_INFO = NO;
				MTL_FAST_MATH = YES;
				SDKROOT = iphoneos;
				SWIFT_COMPILATION_MODE = wholemodule;
				SWIFT_OPTIMIZATION_LEVEL = "-O";
				VALIDATE_PRODUCT = YES;
			};
			name = Release;
		};
		C46EFFD026CD701700FED396 /* Debug */ = {
			isa = XCBuildConfiguration;
			buildSettings = {
				ASSETCATALOG_COMPILER_APPICON_NAME = AppIcon;
				ASSETCATALOG_COMPILER_GLOBAL_ACCENT_COLOR_NAME = AccentColor;
				CODE_SIGN_ENTITLEMENTS = EddyCode/EddyCode.entitlements;
				"CODE_SIGN_IDENTITY[sdk=macosx*]" = "Apple Development";
				CODE_SIGN_STYLE = Automatic;
				DEVELOPMENT_ASSET_PATHS = "\"EddyCode/Preview Content\"";
				DEVELOPMENT_TEAM = 9ZDQ7ASWHR;
				ENABLE_PREVIEWS = YES;
				INFOPLIST_FILE = EddyCode/Info.plist;
				LD_RUNPATH_SEARCH_PATHS = (
					"$(inherited)",
					"@executable_path/Frameworks",
				);
				PRODUCT_BUNDLE_IDENTIFIER = com.edyama.EddyCode;
				PRODUCT_NAME = "$(TARGET_NAME)";
				SUPPORTS_MACCATALYST = NO;
				SWIFT_VERSION = 5.0;
				TARGETED_DEVICE_FAMILY = "1,2";
			};
			name = Debug;
		};
		C46EFFD126CD701700FED396 /* Release */ = {
			isa = XCBuildConfiguration;
			buildSettings = {
				ASSETCATALOG_COMPILER_APPICON_NAME = AppIcon;
				ASSETCATALOG_COMPILER_GLOBAL_ACCENT_COLOR_NAME = AccentColor;
				CODE_SIGN_ENTITLEMENTS = EddyCode/EddyCode.entitlements;
				"CODE_SIGN_IDENTITY[sdk=macosx*]" = "Apple Development";
				CODE_SIGN_STYLE = Automatic;
				DEVELOPMENT_ASSET_PATHS = "\"EddyCode/Preview Content\"";
				DEVELOPMENT_TEAM = 9ZDQ7ASWHR;
				ENABLE_PREVIEWS = YES;
				INFOPLIST_FILE = EddyCode/Info.plist;
				LD_RUNPATH_SEARCH_PATHS = (
					"$(inherited)",
					"@executable_path/Frameworks",
				);
				PRODUCT_BUNDLE_IDENTIFIER = com.edyama.EddyCode;
				PRODUCT_NAME = "$(TARGET_NAME)";
				SUPPORTS_MACCATALYST = NO;
				SWIFT_VERSION = 5.0;
				TARGETED_DEVICE_FAMILY = "1,2";
			};
			name = Release;
		};
/* End XCBuildConfiguration section */

/* Begin XCConfigurationList section */
		C46EFFB626CD701300FED396 /* Build configuration list for PBXProject "EddyCode" */ = {
			isa = XCConfigurationList;
			buildConfigurations = (
				C46EFFCD26CD701700FED396 /* Debug */,
				C46EFFCE26CD701700FED396 /* Release */,
			);
			defaultConfigurationIsVisible = 0;
			defaultConfigurationName = Release;
		};
		C46EFFCF26CD701700FED396 /* Build configuration list for PBXNativeTarget "EddyCode" */ = {
			isa = XCConfigurationList;
			buildConfigurations = (
				C46EFFD026CD701700FED396 /* Debug */,
				C46EFFD126CD701700FED396 /* Release */,
			);
			defaultConfigurationIsVisible = 0;
			defaultConfigurationName = Release;
		};
/* End XCConfigurationList section */
	};
	rootObject = C46EFFB326CD701300FED396 /* Project object */;
}
